
Microsoft Visual Studio Solution File, Format Version 12.00
# Visual Studio 15
VisualStudioVersion = 15.0.28307.960
MinimumVisualStudioVersion = 10.0.40219.1
Project("{FAE04EC0-301F-11D3-BF4B-00C04F79EFBC}") = "ExportToExcelDemo", "ExportToExcelDemo\ExportToExcelDemo.csproj", "{D4D9DA05-FF55-488A-9BFF-6F4382B6B8DE}"
EndProject
Global
	GlobalSection(SolutionConfigurationPlatforms) = preSolution
		Debug|Any CPU = Debug|Any CPU
		Release|Any CPU = Release|Any CPU
	EndGlobalSection
	GlobalSection(ProjectConfigurationPlatforms) = postSolution
		{D4D9DA05-FF55-488A-9BFF-6F4382B6B8DE}.Debug|Any CPU.ActiveCfg = Debug|Any CPU
		{D4D9DA05-FF55-488A-9BFF-6F4382B6B8DE}.Debug|Any CPU.Build.0 = Debug|Any CPU
		{D4D9DA05-FF55-488A-9BFF-6F4382B6B8DE}.Release|Any CPU.ActiveCfg = Release|Any CPU
		{D4D9DA05-FF55-488A-9BFF-6F4382B6B8DE}.Release|Any CPU.Build.0 = Release|Any CPU
	EndGlobalSection
	GlobalSection(SolutionProperties) = preSolution
		HideSolutionNode = FALSE
	EndGlobalSection
	GlobalSection(ExtensibilityGlobals) = postSolution
		SolutionGuid = {27232A2C-4B0D-4CBD-8967-A17D7F848AF8}
	EndGlobalSection
EndGlobal
